
Microsoft Visual Studio Solution File, Format Version 12.00
# Visual Studio 15
VisualStudioVersion = 15.0.28307.960
MinimumVisualStudioVersion = 10.0.40219.1
Project("{FAE04EC0-301F-11D3-BF4B-00C04F79EFBC}") = "myCRUD1a", "myCRUD1a\myCRUD1a.csproj", "{BA154AB7-86C2-49F3-8C15-D3CD328D2C64}"
EndProject
Global
	GlobalSection(SolutionConfigurationPlatforms) = preSolution
		Debug|Any CPU = Debug|Any CPU
		Release|Any CPU = Release|Any CPU
	EndGlobalSection
	GlobalSection(ProjectConfigurationPlatforms) = postSolution
		{BA154AB7-86C2-49F3-8C15-D3CD328D2C64}.Debug|Any CPU.ActiveCfg = Debug|Any CPU
		{BA154AB7-86C2-49F3-8C15-D3CD328D2C64}.Debug|Any CPU.Build.0 = Debug|Any CPU
		{BA154AB7-86C2-49F3-8C15-D3CD328D2C64}.Release|Any CPU.ActiveCfg = Release|Any CPU
		{BA154AB7-86C2-49F3-8C15-D3CD328D2C64}.Release|Any CPU.Build.0 = Release|Any CPU
	EndGlobalSection
	GlobalSection(SolutionProperties) = preSolution
		HideSolutionNode = FALSE
	EndGlobalSection
	GlobalSection(ExtensibilityGlobals) = postSolution
		SolutionGuid = {4DAF48CA-651C-4035-9503-E27A653DE4EB}
	EndGlobalSection
EndGlobal
